
Microsoft Visual Studio Solution File, Format Version 12.00
# Visual Studio Version 16
VisualStudioVersion = 16.0.33423.256
MinimumVisualStudioVersion = 10.0.40219.1
Project("{FAE04EC0-301F-11D3-BF4B-00C04F79EFBC}") = "App2", "App2.csproj", "{68FA891B-FA43-45BB-8B65-6C7A5F41E557}"
EndProject
Global
	GlobalSection(SolutionConfigurationPlatforms) = preSolution
		Debug|Any CPU = Debug|Any CPU
		Release|Any CPU = Release|Any CPU
	EndGlobalSection
	GlobalSection(ProjectConfigurationPlatforms) = postSolution
		{68FA891B-FA43-45BB-8B65-6C7A5F41E557}.Debug|Any CPU.ActiveCfg = Debug|Any CPU
		{68FA891B-FA43-45BB-8B65-6C7A5F41E557}.Debug|Any CPU.Build.0 = Debug|Any CPU
		{68FA891B-FA43-45BB-8B65-6C7A5F41E557}.Release|Any CPU.ActiveCfg = Release|Any CPU
		{68FA891B-FA43-45BB-8B65-6C7A5F41E557}.Release|Any CPU.Build.0 = Release|Any CPU
	EndGlobalSection
	GlobalSection(SolutionProperties) = preSolution
		HideSolutionNode = FALSE
	EndGlobalSection
	GlobalSection(ExtensibilityGlobals) = postSolution
		SolutionGuid = {B2B41732-0CB9-4582-A347-89E3BD4F26F0}
	EndGlobalSection
EndGlobal
